
Microsoft Visual Studio Solution File, Format Version 12.00
# Visual Studio Version 16
VisualStudioVersion = 16.0.29519.87
MinimumVisualStudioVersion = 10.0.40219.1
Project("{FAE04EC0-301F-11D3-BF4B-00C04F79EFBC}") = "FileSplitter_Joiner", "FileSplitter_Joiner\FileSplitter_Joiner.csproj", "{AF835F7E-0175-4BF5-8C8F-39BC149D514C}"
EndProject
Global
	GlobalSection(SolutionConfigurationPlatforms) = preSolution
		Debug|Any CPU = Debug|Any CPU
		Release|Any CPU = Release|Any CPU
	EndGlobalSection
	GlobalSection(ProjectConfigurationPlatforms) = postSolution
		{AF835F7E-0175-4BF5-8C8F-39BC149D514C}.Debug|Any CPU.ActiveCfg = Debug|Any CPU
		{AF835F7E-0175-4BF5-8C8F-39BC149D514C}.Debug|Any CPU.Build.0 = Debug|Any CPU
		{AF835F7E-0175-4BF5-8C8F-39BC149D514C}.Release|Any CPU.ActiveCfg = Release|Any CPU
		{AF835F7E-0175-4BF5-8C8F-39BC149D514C}.Release|Any CPU.Build.0 = Release|Any CPU
	EndGlobalSection
	GlobalSection(SolutionProperties) = preSolution
		HideSolutionNode = FALSE
	EndGlobalSection
	GlobalSection(ExtensibilityGlobals) = postSolution
		SolutionGuid = {CA05113D-0548-46C9-9637-D3F7D232B22E}
	EndGlobalSection
EndGlobal
